{
  "name": "@valkyriestudios/validator",
  "version": "0.2.0",
  "lockfileVersion": 1,
  "requires": true,
  "dependencies": {
    "@valkyriestudios/utils": {
      "version": "1.9.1",
      "resolved": "https://registry.npmjs.org/@valkyriestudios/utils/-/utils-1.9.1.tgz",
      "integrity": "sha512-UONmH5tRcM9C4V08H36UN9pSu+PUOXndwUyy98Y87DvIK6QRnJXi6m5c8+MuA6Mx5RwxzesxM5h06IxXEjRc4Q=="
    }
  }
}
